
Microsoft Visual Studio Solution File, Format Version 12.00
# Visual Studio Version 17
VisualStudioVersion = 17.14.36915.13 d17.14
MinimumVisualStudioVersion = 10.0.40219.1
Project("{FAE04EC0-301F-11D3-BF4B-00C04F79EFBC}") = "OwnerTrack.App", "OwnerTrack.App\OwnerTrack.App.csproj", "{907509A0-3BBC-4D15-9840-983AD0D963E3}"
EndProject
Project("{FAE04EC0-301F-11D3-BF4B-00C04F79EFBC}") = "OwnerTrack.Data", "OwnerTrack.Data\OwnerTrack.Data.csproj", "{59C7FCB6-E79B-4DB5-984A-4EEE49CC95AD}"
EndProject
Project("{FAE04EC0-301F-11D3-BF4B-00C04F79EFBC}") = "OwnerTrack.Infrastructure", "OwnerTrack.Infrastructure\OwnerTrack.Infrastructure.csproj", "{37EE1357-B673-4852-9373-510FD3871E99}"
EndProject
Global
	GlobalSection(SolutionConfigurationPlatforms) = preSolution
		Debug|Any CPU = Debug|Any CPU
		Release|Any CPU = Release|Any CPU
	EndGlobalSection
	GlobalSection(ProjectConfigurationPlatforms) = postSolution
		{907509A0-3BBC-4D15-9840-983AD0D963E3}.Debug|Any CPU.ActiveCfg = Debug|Any CPU
		{907509A0-3BBC-4D15-9840-983AD0D963E3}.Debug|Any CPU.Build.0 = Debug|Any CPU
		{907509A0-3BBC-4D15-9840-983AD0D963E3}.Release|Any CPU.ActiveCfg = Release|Any CPU
		{907509A0-3BBC-4D15-9840-983AD0D963E3}.Release|Any CPU.Build.0 = Release|Any CPU
		{59C7FCB6-E79B-4DB5-984A-4EEE49CC95AD}.Debug|Any CPU.ActiveCfg = Debug|Any CPU
		{59C7FCB6-E79B-4DB5-984A-4EEE49CC95AD}.Debug|Any CPU.Build.0 = Debug|Any CPU
		{59C7FCB6-E79B-4DB5-984A-4EEE49CC95AD}.Release|Any CPU.ActiveCfg = Release|Any CPU
		{59C7FCB6-E79B-4DB5-984A-4EEE49CC95AD}.Release|Any CPU.Build.0 = Release|Any CPU
		{37EE1357-B673-4852-9373-510FD3871E99}.Debug|Any CPU.ActiveCfg = Debug|Any CPU
		{37EE1357-B673-4852-9373-510FD3871E99}.Debug|Any CPU.Build.0 = Debug|Any CPU
		{37EE1357-B673-4852-9373-510FD3871E99}.Release|Any CPU.ActiveCfg = Release|Any CPU
		{37EE1357-B673-4852-9373-510FD3871E99}.Release|Any CPU.Build.0 = Release|Any CPU
	EndGlobalSection
	GlobalSection(SolutionProperties) = preSolution
		HideSolutionNode = FALSE
	EndGlobalSection
	GlobalSection(ExtensibilityGlobals) = postSolution
		SolutionGuid = {1DDABDA6-9AFB-47C0-989E-9ECB1CF7DA19}
	EndGlobalSection
EndGlobal
